// !$*UTF8*$!
{
	archiveVersion = 1;
	classes = {
	};
	objectVersion = 56;
	objects = {

/* Begin PBXBuildFile section */
		119F0F8B2BEFF53000E42FC3 /* AppDelegate.swift in Sources */ = {isa = PBXBuildFile; fileRef = 119F0F8A2BEFF53000E42FC3 /* AppDelegate.swift */; };
		119F0F8D2BEFF53000E42FC3 /* SceneDelegate.swift in Sources */ = {isa = PBXBuildFile; fileRef = 119F0F8C2BEFF53000E42FC3 /* SceneDelegate.swift */; };
		119F0F8F2BEFF53000E42FC3 /* ViewController.swift in Sources */ = {isa = PBXBuildFile; fileRef = 119F0F8E2BEFF53000E42FC3 /* ViewController.swift */; };
		119F0F922BEFF53000E42FC3 /* Base in Resources */ = {isa = PBXBuildFile; fileRef = 119F0F912BEFF53000E42FC3 /* Base */; };
		119F0F942BEFF53000E42FC3 /* Assets.xcassets in Resources */ = {isa = PBXBuildFile; fileRef = 119F0F932BEFF53000E42FC3 /* Assets.xcassets */; };
		119F0F972BEFF53000E42FC3 /* Base in Resources */ = {isa = PBXBuildFile; fileRef = 119F0F962BEFF53000E42FC3 /* Base */; };
		FB6A5E0A160B656DC71EF41F /* Pods_CalismaAlani.framework in Frameworks */ = {isa = PBXBuildFile; fileRef = DAF08CC31966F3E31A0A67EF /* Pods_CalismaAlani.framework */; };
/* End PBXBuildFile section */

/* Begin PBXFileReference section */
		119F0F872BEFF53000E42FC3 /* CalismaAlani.app */ = {isa = PBXFileReference; explicitFileType = wrapper.application; includeInIndex = 0; path = CalismaAlani.app; sourceTree = BUILT_PRODUCTS_DIR; };
		119F0F8A2BEFF53000E42FC3 /* AppDelegate.swift */ = {isa = PBXFileReference; lastKnownFileType = sourcecode.swift; path = AppDelegate.swift; sourceTree = "<group>"; };
		119F0F8C2BEFF53000E42FC3 /* SceneDelegate.swift */ = {isa = PBXFileReference; lastKnownFileType = sourcecode.swift; path = SceneDelegate.swift; sourceTree = "<group>"; };
		119F0F8E2BEFF53000E42FC3 /* ViewController.swift */ = {isa = PBXFileReference; lastKnownFileType = sourcecode.swift; path = ViewController.swift; sourceTree = "<group>"; };
		119F0F912BEFF53000E42FC3 /* Base */ = {isa = PBXFileReference; lastKnownFileType = file.storyboard; name = Base; path = Base.lproj/Main.storyboard; sourceTree = "<group>"; };
		119F0F932BEFF53000E42FC3 /* Assets.xcassets */ = {isa = PBXFileReference; lastKnownFileType = folder.assetcatalog; path = Assets.xcassets; sourceTree = "<group>"; };
		119F0F962BEFF53000E42FC3 /* Base */ = {isa = PBXFileReference; lastKnownFileType = file.storyboard; name = Base; path = Base.lproj/LaunchScreen.storyboard; sourceTree = "<group>"; };
		119F0F982BEFF53000E42FC3 /* Info.plist */ = {isa = PBXFileReference; lastKnownFileType = text.plist.xml; path = Info.plist; sourceTree = "<group>"; };
		3D0686ABF60F7D0CEAF219A7 /* Pods-CalismaAlani.debug.xcconfig */ = {isa = PBXFileReference; includeInIndex = 1; lastKnownFileType = text.xcconfig; name = "Pods-CalismaAlani.debug.xcconfig"; path = "Target Support Files/Pods-CalismaAlani/Pods-CalismaAlani.debug.xcconfig"; sourceTree = "<group>"; };
		9357C89F8A45E7812D02D86C /* Pods-CalismaAlani.release.xcconfig */ = {isa = PBXFileReference; includeInIndex = 1; lastKnownFileType = text.xcconfig; name = "Pods-CalismaAlani.release.xcconfig"; path = "Target Support Files/Pods-CalismaAlani/Pods-CalismaAlani.release.xcconfig"; sourceTree = "<group>"; };
		DAF08CC31966F3E31A0A67EF /* Pods_CalismaAlani.framework */ = {isa = PBXFileReference; explicitFileType = wrapper.framework; includeInIndex = 0; path = Pods_CalismaAlani.framework; sourceTree = BUILT_PRODUCTS_DIR; };
/* End PBXFileReference section */

/* Begin PBXFrameworksBuildPhase section */
		119F0F842BEFF53000E42FC3 /* Frameworks */ = {
			isa = PBXFrameworksBuildPhase;
			buildActionMask = 2147483647;
			files = (
				FB6A5E0A160B656DC71EF41F /* Pods_CalismaAlani.framework in Frameworks */,
			);
			runOnlyForDeploymentPostprocessing = 0;
		};
/* End PBXFrameworksBuildPhase section */

/* Begin PBXGroup section */
		119F0F7E2BEFF53000E42FC3 = {
			isa = PBXGroup;
			children = (
				119F0F892BEFF53000E42FC3 /* CalismaAlani */,
				119F0F882BEFF53000E42FC3 /* Products */,
				74DCBE2C6847B4912A625BC8 /* Pods */,
				6FE438ECBFDB38A9142B076C /* Frameworks */,
			);
			sourceTree = "<group>";
		};
		119F0F882BEFF53000E42FC3 /* Products */ = {
			isa = PBXGroup;
			children = (
				119F0F872BEFF53000E42FC3 /* CalismaAlani.app */,
			);
			name = Products;
			sourceTree = "<group>";
		};
		119F0F892BEFF53000E42FC3 /* CalismaAlani */ = {
			isa = PBXGroup;
			children = (
				119F0F8A2BEFF53000E42FC3 /* AppDelegate.swift */,
				119F0F8C2BEFF53000E42FC3 /* SceneDelegate.swift */,
				119F0F8E2BEFF53000E42FC3 /* ViewController.swift */,
				119F0F902BEFF53000E42FC3 /* Main.storyboard */,
				119F0F932BEFF53000E42FC3 /* Assets.xcassets */,
				119F0F952BEFF53000E42FC3 /* LaunchScreen.storyboard */,
				119F0F982BEFF53000E42FC3 /* Info.plist */,
			);
			path = CalismaAlani;
			sourceTree = "<group>";
		};
		6FE438ECBFDB38A9142B076C /* Frameworks */ = {
			isa = PBXGroup;
			children = (
				DAF08CC31966F3E31A0A67EF /* Pods_CalismaAlani.framework */,
			);
			name = Frameworks;
			sourceTree = "<group>";
		};
		74DCBE2C6847B4912A625BC8 /* Pods */ = {
			isa = PBXGroup;
			children = (
				3D0686ABF60F7D0CEAF219A7 /* Pods-CalismaAlani.debug.xcconfig */,
				9357C89F8A45E7812D02D86C /* Pods-CalismaAlani.release.xcconfig */,
			);
			path = Pods;
			sourceTree = "<group>";
		};
/* End PBXGroup section */

/* Begin PBXNativeTarget section */
		119F0F862BEFF53000E42FC3 /* CalismaAlani */ = {
			isa = PBXNativeTarget;
			buildConfigurationList = 119F0F9B2BEFF53000E42FC3 /* Build configuration list for PBXNativeTarget "CalismaAlani" */;
			buildPhases = (
				F1E1BFE6BF07DF8CF730F56A /* [CP] Check Pods Manifest.lock */,
				119F0F832BEFF53000E42FC3 /* Sources */,
				119F0F842BEFF53000E42FC3 /* Frameworks */,
				119F0F852BEFF53000E42FC3 /* Resources */,
			);
			buildRules = (
			);
			dependencies = (
			);
			name = CalismaAlani;
			productName = CalismaAlani;
			productReference = 119F0F872BEFF53000E42FC3 /* CalismaAlani.app */;
			productType = "com.apple.product-type.application";
		};
/* End PBXNativeTarget section */

/* Begin PBXProject section */
		119F0F7F2BEFF53000E42FC3 /* Project object */ = {
			isa = PBXProject;
			attributes = {
				BuildIndependentTargetsInParallel = 1;
				LastSwiftUpdateCheck = 1530;
				LastUpgradeCheck = 1530;
				TargetAttributes = {
					119F0F862BEFF53000E42FC3 = {
						CreatedOnToolsVersion = 15.3;
					};
				};
			};
			buildConfigurationList = 119F0F822BEFF53000E42FC3 /* Build configuration list for PBXProject "CalismaAlani" */;
			compatibilityVersion = "Xcode 14.0";
			developmentRegion = en;
			hasScannedForEncodings = 0;
			knownRegions = (
				en,
				Base,
			);
			mainGroup = 119F0F7E2BEFF53000E42FC3;
			productRefGroup = 119F0F882BEFF53000E42FC3 /* Products */;
			projectDirPath = "";
			projectRoot = "";
			targets = (
				119F0F862BEFF53000E42FC3 /* CalismaAlani */,
			);
		};
/* End PBXProject section */

/* Begin PBXResourcesBuildPhase section */
		119F0F852BEFF53000E42FC3 /* Resources */ = {
			isa = PBXResourcesBuildPhase;
			buildActionMask = 2147483647;
			files = (
				119F0F942BEFF53000E42FC3 /* Assets.xcassets in Resources */,
				119F0F972BEFF53000E42FC3 /* Base in Resources */,
				119F0F922BEFF53000E42FC3 /* Base in Resources */,
			);
			runOnlyForDeploymentPostprocessing = 0;
		};
/* End PBXResourcesBuildPhase section */

/* Begin PBXShellScriptBuildPhase section */
		F1E1BFE6BF07DF8CF730F56A /* [CP] Check Pods Manifest.lock */ = {
			isa = PBXShellScriptBuildPhase;
			buildActionMask = 2147483647;
			files = (
			);
			inputFileListPaths = (
			);
			inputPaths = (
				"${PODS_PODFILE_DIR_PATH}/Podfile.lock",
				"${PODS_ROOT}/Manifest.lock",
			);
			name = "[CP] Check Pods Manifest.lock";
			outputFileListPaths = (
			);
			outputPaths = (
				"$(DERIVED_FILE_DIR)/Pods-CalismaAlani-checkManifestLockResult.txt",
			);
			runOnlyForDeploymentPostprocessing = 0;
			shellPath = /bin/sh;
			shellScript = "diff \"${PODS_PODFILE_DIR_PATH}/Podfile.lock\" \"${PODS_ROOT}/Manifest.lock\" > /dev/null\nif [ $? != 0 ] ; then\n    # print error to STDERR\n    echo \"error: The sandbox is not in sync with the Podfile.lock. Run 'pod install' or update your CocoaPods installation.\" >&2\n    exit 1\nfi\n# This output is used by Xcode 'outputs' to avoid re-running this script phase.\necho \"SUCCESS\" > \"${SCRIPT_OUTPUT_FILE_0}\"\n";
			showEnvVarsInLog = 0;
		};
/* End PBXShellScriptBuildPhase section */

/* Begin PBXSourcesBuildPhase section */
		119F0F832BEFF53000E42FC3 /* Sources */ = {
			isa = PBXSourcesBuildPhase;
			buildActionMask = 2147483647;
			files = (
				119F0F8F2BEFF53000E42FC3 /* ViewController.swift in Sources */,
				119F0F8B2BEFF53000E42FC3 /* AppDelegate.swift in Sources */,
				119F0F8D2BEFF53000E42FC3 /* SceneDelegate.swift in Sources */,
			);
			runOnlyForDeploymentPostprocessing = 0;
		};
/* End PBXSourcesBuildPhase section */

/* Begin PBXVariantGroup section */
		119F0F902BEFF53000E42FC3 /* Main.storyboard */ = {
			isa = PBXVariantGroup;
			children = (
				119F0F912BEFF53000E42FC3 /* Base */,
			);
			name = Main.storyboard;
			sourceTree = "<group>";
		};
		119F0F952BEFF53000E42FC3 /* LaunchScreen.storyboard */ = {
			isa = PBXVariantGroup;
			children = (
				119F0F962BEFF53000E42FC3 /* Base */,
			);
			name = LaunchScreen.storyboard;
			sourceTree = "<group>";
		};
/* End PBXVariantGroup section */

/* Begin XCBuildConfiguration section */
		119F0F992BEFF53000E42FC3 /* Debug */ = {
			isa = XCBuildConfiguration;
			buildSettings = {
				ALWAYS_SEARCH_USER_PATHS = NO;
				ASSETCATALOG_COMPILER_GENERATE_SWIFT_ASSET_SYMBOL_EXTENSIONS = YES;
				CLANG_ANALYZER_NONNULL = YES;
				CLANG_ANALYZER_NUMBER_OBJECT_CONVERSION = YES_AGGRESSIVE;
				CLANG_CXX_LANGUAGE_STANDARD = "gnu++20";
				CLANG_ENABLE_MODULES = YES;
				CLANG_ENABLE_OBJC_ARC = YES;
				CLANG_ENABLE_OBJC_WEAK = YES;
				CLANG_WARN_BLOCK_CAPTURE_AUTORELEASING = YES;
				CLANG_WARN_BOOL_CONVERSION = YES;
				CLANG_WARN_COMMA = YES;
				CLANG_WARN_CONSTANT_CONVERSION = YES;
				CLANG_WARN_DEPRECATED_OBJC_IMPLEMENTATIONS = YES;
				CLANG_WARN_DIRECT_OBJC_ISA_USAGE = YES_ERROR;
				CLANG_WARN_DOCUMENTATION_COMMENTS = YES;
				CLANG_WARN_EMPTY_BODY = YES;
				CLANG_WARN_ENUM_CONVERSION = YES;
				CLANG_WARN_INFINITE_RECURSION = YES;
				CLANG_WARN_INT_CONVERSION = YES;
				CLANG_WARN_NON_LITERAL_NULL_CONVERSION = YES;
				CLANG_WARN_OBJC_IMPLICIT_RETAIN_SELF = YES;
				CLANG_WARN_OBJC_LITERAL_CONVERSION = YES;
				CLANG_WARN_OBJC_ROOT_CLASS = YES_ERROR;
				CLANG_WARN_QUOTED_INCLUDE_IN_FRAMEWORK_HEADER = YES;
				CLANG_WARN_RANGE_LOOP_ANALYSIS = YES;
				CLANG_WARN_STRICT_PROTOTYPES = YES;
				CLANG_WARN_SUSPICIOUS_MOVE = YES;
				CLANG_WARN_UNGUARDED_AVAILABILITY = YES_AGGRESSIVE;
				CLANG_WARN_UNREACHABLE_CODE = YES;
				CLANG_WARN__DUPLICATE_METHOD_MATCH = YES;
				COPY_PHASE_STRIP = NO;
				DEBUG_INFORMATION_FORMAT = dwarf;
				ENABLE_STRICT_OBJC_MSGSEND = YES;
				ENABLE_TESTABILITY = YES;
				ENABLE_USER_SCRIPT_SANDBOXING = YES;
				GCC_C_LANGUAGE_STANDARD = gnu17;
				GCC_DYNAMIC_NO_PIC = NO;
				GCC_NO_COMMON_BLOCKS = YES;
				GCC_OPTIMIZATION_LEVEL = 0;
				GCC_PREPROCESSOR_DEFINITIONS = (
					"DEBUG=1",
					"$(inherited)",
				);
				GCC_WARN_64_TO_32_BIT_CONVERSION = YES;
				GCC_WARN_ABOUT_RETURN_TYPE = YES_ERROR;
				GCC_WARN_UNDECLARED_SELECTOR = YES;
				GCC_WARN_UNINITIALIZED_AUTOS = YES_AGGRESSIVE;
				GCC_WARN_UNUSED_FUNCTION = YES;
				GCC_WARN_UNUSED_VARIABLE = YES;
				IPHONEOS_DEPLOYMENT_TARGET = 17.4;
				LOCALIZATION_PREFERS_STRING_CATALOGS = YES;
				MTL_ENABLE_DEBUG_INFO = INCLUDE_SOURCE;
				MTL_FAST_MATH = YES;
				ONLY_ACTIVE_ARCH = YES;
				SDKROOT = iphoneos;
				SWIFT_ACTIVE_COMPILATION_CONDITIONS = "DEBUG $(inherited)";
				SWIFT_OPTIMIZATION_LEVEL = "-Onone";
			};
			name = Debug;
		};
		119F0F9A2BEFF53000E42FC3 /* Release */ = {
			isa = XCBuildConfiguration;
			buildSettings = {
				ALWAYS_SEARCH_USER_PATHS = NO;
				ASSETCATALOG_COMPILER_GENERATE_SWIFT_ASSET_SYMBOL_EXTENSIONS = YES;
				CLANG_ANALYZER_NONNULL = YES;
				CLANG_ANALYZER_NUMBER_OBJECT_CONVERSION = YES_AGGRESSIVE;
				CLANG_CXX_LANGUAGE_STANDARD = "gnu++20";
				CLANG_ENABLE_MODULES = YES;
				CLANG_ENABLE_OBJC_ARC = YES;
				CLANG_ENABLE_OBJC_WEAK = YES;
				CLANG_WARN_BLOCK_CAPTURE_AUTORELEASING = YES;
				CLANG_WARN_BOOL_CONVERSION = YES;
				CLANG_WARN_COMMA = YES;
				CLANG_WARN_CONSTANT_CONVERSION = YES;
				CLANG_WARN_DEPRECATED_OBJC_IMPLEMENTATIONS = YES;
				CLANG_WARN_DIRECT_OBJC_ISA_USAGE = YES_ERROR;
				CLANG_WARN_DOCUMENTATION_COMMENTS = YES;
				CLANG_WARN_EMPTY_BODY = YES;
				CLANG_WARN_ENUM_CONVERSION = YES;
				CLANG_WARN_INFINITE_RECURSION = YES;
				CLANG_WARN_INT_CONVERSION = YES;
				CLANG_WARN_NON_LITERAL_NULL_CONVERSION = YES;
				CLANG_WARN_OBJC_IMPLICIT_RETAIN_SELF = YES;
				CLANG_WARN_OBJC_LITERAL_CONVERSION = YES;
				CLANG_WARN_OBJC_ROOT_CLASS = YES_ERROR;
				CLANG_WARN_QUOTED_INCLUDE_IN_FRAMEWORK_HEADER = YES;
				CLANG_WARN_RANGE_LOOP_ANALYSIS = YES;
				CLANG_WARN_STRICT_PROTOTYPES = YES;
				CLANG_WARN_SUSPICIOUS_MOVE = YES;
				CLANG_WARN_UNGUARDED_AVAILABILITY = YES_AGGRESSIVE;
				CLANG_WARN_UNREACHABLE_CODE = YES;
				CLANG_WARN__DUPLICATE_METHOD_MATCH = YES;
				COPY_PHASE_STRIP = NO;
				DEBUG_INFORMATION_FORMAT = "dwarf-with-dsym";
				ENABLE_NS_ASSERTIONS = NO;
				ENABLE_STRICT_OBJC_MSGSEND = YES;
				ENABLE_USER_SCRIPT_SANDBOXING = YES;
				GCC_C_LANGUAGE_STANDARD = gnu17;
				GCC_NO_COMMON_BLOCKS = YES;
				GCC_WARN_64_TO_32_BIT_CONVERSION = YES;
				GCC_WARN_ABOUT_RETURN_TYPE = YES_ERROR;
				GCC_WARN_UNDECLARED_SELECTOR = YES;
				GCC_WARN_UNINITIALIZED_AUTOS = YES_AGGRESSIVE;
				GCC_WARN_UNUSED_FUNCTION = YES;
				GCC_WARN_UNUSED_VARIABLE = YES;
				IPHONEOS_DEPLOYMENT_TARGET = 17.4;
				LOCALIZATION_PREFERS_STRING_CATALOGS = YES;
				MTL_ENABLE_DEBUG_INFO = NO;
				MTL_FAST_MATH = YES;
				SDKROOT = iphoneos;
				SWIFT_COMPILATION_MODE = wholemodule;
				VALIDATE_PRODUCT = YES;
			};
			name = Release;
		};
		119F0F9C2BEFF53000E42FC3 /* Debug */ = {
			isa = XCBuildConfiguration;
			baseConfigurationReference = 3D0686ABF60F7D0CEAF219A7 /* Pods-CalismaAlani.debug.xcconfig */;
			buildSettings = {
				ASSETCATALOG_COMPILER_APPICON_NAME = AppIcon;
				ASSETCATALOG_COMPILER_GLOBAL_ACCENT_COLOR_NAME = AccentColor;
				CODE_SIGN_STYLE = Automatic;
				CURRENT_PROJECT_VERSION = 1;
				GENERATE_INFOPLIST_FILE = YES;
				INFOPLIST_FILE = CalismaAlani/Info.plist;
				INFOPLIST_KEY_UIApplicationSupportsIndirectInputEvents = YES;
				INFOPLIST_KEY_UILaunchStoryboardName = LaunchScreen;
				INFOPLIST_KEY_UIMainStoryboardFile = Main;
				INFOPLIST_KEY_UISupportedInterfaceOrientations_iPad = "UIInterfaceOrientationPortrait UIInterfaceOrientationPortraitUpsideDown UIInterfaceOrientationLandscapeLeft UIInterfaceOrientationLandscapeRight";
				INFOPLIST_KEY_UISupportedInterfaceOrientations_iPhone = "UIInterfaceOrientationPortrait UIInterfaceOrientationLandscapeLeft UIInterfaceOrientationLandscapeRight";
				LD_RUNPATH_SEARCH_PATHS = (
					"$(inherited)",
					"@executable_path/Frameworks",
				);
				MARKETING_VERSION = 1.0;
				PRODUCT_BUNDLE_IDENTIFIER = com.sametkorkmaz.CalismaAlani;
				PRODUCT_NAME = "$(TARGET_NAME)";
				SWIFT_EMIT_LOC_STRINGS = YES;
				SWIFT_VERSION = 5.0;
				TARGETED_DEVICE_FAMILY = "1,2";
			};
			name = Debug;
		};
		119F0F9D2BEFF53000E42FC3 /* Release */ = {
			isa = XCBuildConfiguration;
			baseConfigurationReference = 9357C89F8A45E7812D02D86C /* Pods-CalismaAlani.release.xcconfig */;
			buildSettings = {
				ASSETCATALOG_COMPILER_APPICON_NAME = AppIcon;
				ASSETCATALOG_COMPILER_GLOBAL_ACCENT_COLOR_NAME = AccentColor;
				CODE_SIGN_STYLE = Automatic;
				CURRENT_PROJECT_VERSION = 1;
				GENERATE_INFOPLIST_FILE = YES;
				INFOPLIST_FILE = CalismaAlani/Info.plist;
				INFOPLIST_KEY_UIApplicationSupportsIndirectInputEvents = YES;
				INFOPLIST_KEY_UILaunchStoryboardName = LaunchScreen;
				INFOPLIST_KEY_UIMainStoryboardFile = Main;
				INFOPLIST_KEY_UISupportedInterfaceOrientations_iPad = "UIInterfaceOrientationPortrait UIInterfaceOrientationPortraitUpsideDown UIInterfaceOrientationLandscapeLeft UIInterfaceOrientationLandscapeRight";
				INFOPLIST_KEY_UISupportedInterfaceOrientations_iPhone = "UIInterfaceOrientationPortrait UIInterfaceOrientationLandscapeLeft UIInterfaceOrientationLandscapeRight";
				LD_RUNPATH_SEARCH_PATHS = (
					"$(inherited)",
					"@executable_path/Frameworks",
				);
				MARKETING_VERSION = 1.0;
				PRODUCT_BUNDLE_IDENTIFIER = com.sametkorkmaz.CalismaAlani;
				PRODUCT_NAME = "$(TARGET_NAME)";
				SWIFT_EMIT_LOC_STRINGS = YES;
				SWIFT_VERSION = 5.0;
				TARGETED_DEVICE_FAMILY = "1,2";
			};
			name = Release;
		};
/* End XCBuildConfiguration section */

/* Begin XCConfigurationList section */
		119F0F822BEFF53000E42FC3 /* Build configuration list for PBXProject "CalismaAlani" */ = {
			isa = XCConfigurationList;
			buildConfigurations = (
				119F0F992BEFF53000E42FC3 /* Debug */,
				119F0F9A2BEFF53000E42FC3 /* Release */,
			);
			defaultConfigurationIsVisible = 0;
			defaultConfigurationName = Release;
		};
		119F0F9B2BEFF53000E42FC3 /* Build configuration list for PBXNativeTarget "CalismaAlani" */ = {
			isa = XCConfigurationList;
			buildConfigurations = (
				119F0F9C2BEFF53000E42FC3 /* Debug */,
				119F0F9D2BEFF53000E42FC3 /* Release */,
			);
			defaultConfigurationIsVisible = 0;
			defaultConfigurationName = Release;
		};
/* End XCConfigurationList section */
	};
	rootObject = 119F0F7F2BEFF53000E42FC3 /* Project object */;
}
